// !$*UTF8*$!
{
	archiveVersion = 1;
	classes = {
	};
	objectVersion = 77;
	objects = {

/* Begin PBXBuildFile section */
		6CEDDE83305115A800E0BAA5 /* Sparkle in Frameworks */ = {isa = PBXBuildFile; productRef = 6C64B5293046758A003B51BA /* Sparkle */; };
/* End PBXBuildFile section */

/* Begin PBXContainerItemProxy section */
		6C64B50C3046758A003B51BA /* PBXContainerItemProxy */ = {
			isa = PBXContainerItemProxy;
			containerPortal = 6C64B4F430467589003B51BA /* Project object */;
			proxyType = 1;
			remoteGlobalIDString = 6C64B4FB30467589003B51BA;
			remoteInfo = "Pocket Stack";
		};
		6C64B5163046758A003B51BA /* PBXContainerItemProxy */ = {
			isa = PBXContainerItemProxy;
			containerPortal = 6C64B4F430467589003B51BA /* Project object */;
			proxyType = 1;
			remoteGlobalIDString = 6C64B4FB30467589003B51BA;
			remoteInfo = "Pocket Stack";
		};
/* End PBXContainerItemProxy section */

/* Begin PBXFileReference section */
		6C7A000130D0000000000001 /* Environment.xcconfig */ = {isa = PBXFileReference; lastKnownFileType = text.xcconfig; path = Config/Environment.xcconfig; sourceTree = "<group>"; };
		6C64B4FC30467589003B51BA /* Pocket Stack.app */ = {isa = PBXFileReference; explicitFileType = wrapper.application; includeInIndex = 0; path = "Pocket Stack.app"; sourceTree = BUILT_PRODUCTS_DIR; };
		6C64B50B3046758A003B51BA /* Pocket StackTests.xctest */ = {isa = PBXFileReference; explicitFileType = wrapper.cfbundle; includeInIndex = 0; path = "Pocket StackTests.xctest"; sourceTree = BUILT_PRODUCTS_DIR; };
		6C64B5153046758A003B51BA /* Pocket StackUITests.xctest */ = {isa = PBXFileReference; explicitFileType = wrapper.cfbundle; includeInIndex = 0; path = "Pocket StackUITests.xctest"; sourceTree = BUILT_PRODUCTS_DIR; };
		6C64B5283046758A003B51BA /* Sparkle */ = {isa = PBXFileReference; lastKnownFileType = wrapper; name = Sparkle; path = SourcePackages/checkouts/Sparkle; sourceTree = "<group>"; };
/* End PBXFileReference section */

/* Begin PBXFileSystemSynchronizedBuildFileExceptionSet section */
		6CEDDF273051535B00E0BAA5 /* Exceptions for "Pocket Stack" folder in "Pocket Stack" target */ = {
			isa = PBXFileSystemSynchronizedBuildFileExceptionSet;
			membershipExceptions = (
				"Pocket-Stack-Info.plist",
			);
			target = 6C64B4FB30467589003B51BA /* Pocket Stack */;
		};
/* End PBXFileSystemSynchronizedBuildFileExceptionSet section */

/* Begin PBXFileSystemSynchronizedRootGroup section */
		6C64B4FE30467589003B51BA /* Pocket Stack */ = {
			isa = PBXFileSystemSynchronizedRootGroup;
			exceptions = (
				6CEDDF273051535B00E0BAA5 /* Exceptions for "Pocket Stack" folder in "Pocket Stack" target */,
			);
			path = "Pocket Stack";
			sourceTree = "<group>";
		};
		6C64B50E3046758A003B51BA /* Pocket StackTests */ = {
			isa = PBXFileSystemSynchronizedRootGroup;
			path = "Pocket StackTests";
			sourceTree = "<group>";
		};
		6C64B5183046758A003B51BA /* Pocket StackUITests */ = {
			isa = PBXFileSystemSynchronizedRootGroup;
			path = "Pocket StackUITests";
			sourceTree = "<group>";
		};
/* End PBXFileSystemSynchronizedRootGroup section */

/* Begin PBXFrameworksBuildPhase section */
		6C64B4F930467589003B51BA /* Frameworks */ = {
			isa = PBXFrameworksBuildPhase;
			buildActionMask = 2147483647;
			files = (
				6CEDDE83305115A800E0BAA5 /* Sparkle in Frameworks */,
			);
			runOnlyForDeploymentPostprocessing = 0;
		};
		6C64B50830467589003B51BA /* Frameworks */ = {
			isa = PBXFrameworksBuildPhase;
			buildActionMask = 2147483647;
			files = (
			);
			runOnlyForDeploymentPostprocessing = 0;
		};
		6C64B5123046758A003B51BA /* Frameworks */ = {
			isa = PBXFrameworksBuildPhase;
			buildActionMask = 2147483647;
			files = (
			);
			runOnlyForDeploymentPostprocessing = 0;
		};
/* End PBXFrameworksBuildPhase section */

/* Begin PBXGroup section */
		6C64B4F330467589003B51BA = {
			isa = PBXGroup;
			children = (
				6C7A000130D0000000000001 /* Environment.xcconfig */,
				6C64B4FE30467589003B51BA /* Pocket Stack */,
				6C64B50E3046758A003B51BA /* Pocket StackTests */,
				6C64B5183046758A003B51BA /* Pocket StackUITests */,
				6C64B4FD30467589003B51BA /* Products */,
				6C64B5283046758A003B51BA /* Sparkle */,
			);
			sourceTree = "<group>";
		};
		6C64B4FD30467589003B51BA /* Products */ = {
			isa = PBXGroup;
			children = (
				6C64B4FC30467589003B51BA /* Pocket Stack.app */,
				6C64B50B3046758A003B51BA /* Pocket StackTests.xctest */,
				6C64B5153046758A003B51BA /* Pocket StackUITests.xctest */,
			);
			name = Products;
			sourceTree = "<group>";
		};
/* End PBXGroup section */

/* Begin PBXNativeTarget section */
		6C64B4FB30467589003B51BA /* Pocket Stack */ = {
			isa = PBXNativeTarget;
			buildConfigurationList = 6C64B51F3046758A003B51BA /* Build configuration list for PBXNativeTarget "Pocket Stack" */;
			buildPhases = (
				6C64B4F830467589003B51BA /* Sources */,
				6C64B4F930467589003B51BA /* Frameworks */,
				6C64B4FA30467589003B51BA /* Resources */,
			);
			buildRules = (
			);
			dependencies = (
			);
			fileSystemSynchronizedGroups = (
				6C64B4FE30467589003B51BA /* Pocket Stack */,
			);
			name = "Pocket Stack";
			packageProductDependencies = (
				6C64B5293046758A003B51BA /* Sparkle */,
			);
			productName = "Pocket Stack";
			productReference = 6C64B4FC30467589003B51BA /* Pocket Stack.app */;
			productType = "com.apple.product-type.application";
		};
		6C64B50A30467589003B51BA /* Pocket StackTests */ = {
			isa = PBXNativeTarget;
			buildConfigurationList = 6C64B5223046758A003B51BA /* Build configuration list for PBXNativeTarget "Pocket StackTests" */;
			buildPhases = (
				6C64B50730467589003B51BA /* Sources */,
				6C64B50830467589003B51BA /* Frameworks */,
				6C64B50930467589003B51BA /* Resources */,
			);
			buildRules = (
			);
			dependencies = (
				6C64B50D3046758A003B51BA /* PBXTargetDependency */,
			);
			fileSystemSynchronizedGroups = (
				6C64B50E3046758A003B51BA /* Pocket StackTests */,
			);
			name = "Pocket StackTests";
			packageProductDependencies = (
			);
			productName = "Pocket StackTests";
			productReference = 6C64B50B3046758A003B51BA /* Pocket StackTests.xctest */;
			productType = "com.apple.product-type.bundle.unit-test";
		};
		6C64B5143046758A003B51BA /* Pocket StackUITests */ = {
			isa = PBXNativeTarget;
			buildConfigurationList = 6C64B5253046758A003B51BA /* Build configuration list for PBXNativeTarget "Pocket StackUITests" */;
			buildPhases = (
				6C64B5113046758A003B51BA /* Sources */,
				6C64B5123046758A003B51BA /* Frameworks */,
				6C64B5133046758A003B51BA /* Resources */,
			);
			buildRules = (
			);
			dependencies = (
				6C64B5173046758A003B51BA /* PBXTargetDependency */,
			);
			fileSystemSynchronizedGroups = (
				6C64B5183046758A003B51BA /* Pocket StackUITests */,
			);
			name = "Pocket StackUITests";
			packageProductDependencies = (
			);
			productName = "Pocket StackUITests";
			productReference = 6C64B5153046758A003B51BA /* Pocket StackUITests.xctest */;
			productType = "com.apple.product-type.bundle.ui-testing";
		};
/* End PBXNativeTarget section */

/* Begin PBXProject section */
		6C64B4F430467589003B51BA /* Project object */ = {
			isa = PBXProject;
			attributes = {
				BuildIndependentTargetsInParallel = 1;
				LastSwiftUpdateCheck = 2660;
				LastUpgradeCheck = 2660;
				TargetAttributes = {
					6C64B4FB30467589003B51BA = {
						CreatedOnToolsVersion = 26.6;
					};
					6C64B50A30467589003B51BA = {
						CreatedOnToolsVersion = 26.6;
						TestTargetID = 6C64B4FB30467589003B51BA;
					};
					6C64B5143046758A003B51BA = {
						CreatedOnToolsVersion = 26.6;
						TestTargetID = 6C64B4FB30467589003B51BA;
					};
				};
			};
			buildConfigurationList = 6C64B4F730467589003B51BA /* Build configuration list for PBXProject "Pocket Stack" */;
			developmentRegion = en;
			hasScannedForEncodings = 0;
			knownRegions = (
				en,
				Base,
			);
			mainGroup = 6C64B4F330467589003B51BA;
			minimizedProjectReferenceProxies = 1;
			packageReferences = (
				6C64B52A3046758A003B51BA /* XCRemoteSwiftPackageReference "Sparkle" */,
			);
			preferredProjectObjectVersion = 77;
			productRefGroup = 6C64B4FD30467589003B51BA /* Products */;
			projectDirPath = "";
			projectRoot = "";
			targets = (
				6C64B4FB30467589003B51BA /* Pocket Stack */,
				6C64B50A30467589003B51BA /* Pocket StackTests */,
				6C64B5143046758A003B51BA /* Pocket StackUITests */,
			);
		};
/* End PBXProject section */

/* Begin PBXResourcesBuildPhase section */
		6C64B4FA30467589003B51BA /* Resources */ = {
			isa = PBXResourcesBuildPhase;
			buildActionMask = 2147483647;
			files = (
			);
			runOnlyForDeploymentPostprocessing = 0;
		};
		6C64B50930467589003B51BA /* Resources */ = {
			isa = PBXResourcesBuildPhase;
			buildActionMask = 2147483647;
			files = (
			);
			runOnlyForDeploymentPostprocessing = 0;
		};
		6C64B5133046758A003B51BA /* Resources */ = {
			isa = PBXResourcesBuildPhase;
			buildActionMask = 2147483647;
			files = (
			);
			runOnlyForDeploymentPostprocessing = 0;
		};
/* End PBXResourcesBuildPhase section */

/* Begin PBXSourcesBuildPhase section */
		6C64B4F830467589003B51BA /* Sources */ = {
			isa = PBXSourcesBuildPhase;
			buildActionMask = 2147483647;
			files = (
			);
			runOnlyForDeploymentPostprocessing = 0;
		};
		6C64B50730467589003B51BA /* Sources */ = {
			isa = PBXSourcesBuildPhase;
			buildActionMask = 2147483647;
			files = (
			);
			runOnlyForDeploymentPostprocessing = 0;
		};
		6C64B5113046758A003B51BA /* Sources */ = {
			isa = PBXSourcesBuildPhase;
			buildActionMask = 2147483647;
			files = (
			);
			runOnlyForDeploymentPostprocessing = 0;
		};
/* End PBXSourcesBuildPhase section */

/* Begin PBXTargetDependency section */
		6C64B50D3046758A003B51BA /* PBXTargetDependency */ = {
			isa = PBXTargetDependency;
			target = 6C64B4FB30467589003B51BA /* Pocket Stack */;
			targetProxy = 6C64B50C3046758A003B51BA /* PBXContainerItemProxy */;
		};
		6C64B5173046758A003B51BA /* PBXTargetDependency */ = {
			isa = PBXTargetDependency;
			target = 6C64B4FB30467589003B51BA /* Pocket Stack */;
			targetProxy = 6C64B5163046758A003B51BA /* PBXContainerItemProxy */;
		};
/* End PBXTargetDependency section */

/* Begin XCBuildConfiguration section */
		6C64B51D3046758A003B51BA /* Debug */ = {
			isa = XCBuildConfiguration;
			baseConfigurationReference = 6C7A000130D0000000000001 /* Environment.xcconfig */;
			buildSettings = {
				ALWAYS_SEARCH_USER_PATHS = NO;
				ASSETCATALOG_COMPILER_GENERATE_SWIFT_ASSET_SYMBOL_EXTENSIONS = YES;
				CLANG_ANALYZER_NONNULL = YES;
				CLANG_ANALYZER_NUMBER_OBJECT_CONVERSION = YES_AGGRESSIVE;
				CLANG_CXX_LANGUAGE_STANDARD = "gnu++20";
				CLANG_ENABLE_MODULES = YES;
				CLANG_ENABLE_OBJC_ARC = YES;
				CLANG_ENABLE_OBJC_WEAK = YES;
				CLANG_WARN_BLOCK_CAPTURE_AUTORELEASING = YES;
				CLANG_WARN_BOOL_CONVERSION = YES;
				CLANG_WARN_COMMA = YES;
				CLANG_WARN_CONSTANT_CONVERSION = YES;
				CLANG_WARN_DEPRECATED_OBJC_IMPLEMENTATIONS = YES;
				CLANG_WARN_DIRECT_OBJC_ISA_USAGE = YES_ERROR;
				CLANG_WARN_DOCUMENTATION_COMMENTS = YES;
				CLANG_WARN_EMPTY_BODY = YES;
				CLANG_WARN_ENUM_CONVERSION = YES;
				CLANG_WARN_INFINITE_RECURSION = YES;
				CLANG_WARN_INT_CONVERSION = YES;
				CLANG_WARN_NON_LITERAL_NULL_CONVERSION = YES;
				CLANG_WARN_OBJC_IMPLICIT_RETAIN_SELF = YES;
				CLANG_WARN_OBJC_LITERAL_CONVERSION = YES;
				CLANG_WARN_OBJC_ROOT_CLASS = YES_ERROR;
				CLANG_WARN_QUOTED_INCLUDE_IN_FRAMEWORK_HEADER = YES;
				CLANG_WARN_RANGE_LOOP_ANALYSIS = YES;
				CLANG_WARN_STRICT_PROTOTYPES = YES;
				CLANG_WARN_SUSPICIOUS_MOVE = YES;
				CLANG_WARN_UNGUARDED_AVAILABILITY = YES_AGGRESSIVE;
				CLANG_WARN_UNREACHABLE_CODE = YES;
				CLANG_WARN__DUPLICATE_METHOD_MATCH = YES;
				COPY_PHASE_STRIP = NO;
				DEBUG_INFORMATION_FORMAT = dwarf;
				DEVELOPMENT_TEAM = "$(POCKET_STACK_DEVELOPMENT_TEAM)";
				ENABLE_STRICT_OBJC_MSGSEND = YES;
				ENABLE_TESTABILITY = YES;
				ENABLE_USER_SCRIPT_SANDBOXING = YES;
				GCC_C_LANGUAGE_STANDARD = gnu17;
				GCC_DYNAMIC_NO_PIC = NO;
				GCC_NO_COMMON_BLOCKS = YES;
				GCC_OPTIMIZATION_LEVEL = 0;
				GCC_PREPROCESSOR_DEFINITIONS = (
					"DEBUG=1",
					"$(inherited)",
				);
				GCC_WARN_64_TO_32_BIT_CONVERSION = YES;
				GCC_WARN_ABOUT_RETURN_TYPE = YES_ERROR;
				GCC_WARN_UNDECLARED_SELECTOR = YES;
				GCC_WARN_UNINITIALIZED_AUTOS = YES_AGGRESSIVE;
				GCC_WARN_UNUSED_FUNCTION = YES;
				GCC_WARN_UNUSED_VARIABLE = YES;
				LOCALIZATION_PREFERS_STRING_CATALOGS = YES;
				MACOSX_DEPLOYMENT_TARGET = 26.0;
				MTL_ENABLE_DEBUG_INFO = INCLUDE_SOURCE;
				MTL_FAST_MATH = YES;
				ONLY_ACTIVE_ARCH = YES;
				SDKROOT = macosx;
				SWIFT_ACTIVE_COMPILATION_CONDITIONS = "DEBUG $(inherited)";
				SWIFT_OPTIMIZATION_LEVEL = "-Onone";
			};
			name = Debug;
		};
		6C64B51E3046758A003B51BA /* Release */ = {
			isa = XCBuildConfiguration;
			baseConfigurationReference = 6C7A000130D0000000000001 /* Environment.xcconfig */;
			buildSettings = {
				ALWAYS_SEARCH_USER_PATHS = NO;
				ASSETCATALOG_COMPILER_GENERATE_SWIFT_ASSET_SYMBOL_EXTENSIONS = YES;
				CLANG_ANALYZER_NONNULL = YES;
				CLANG_ANALYZER_NUMBER_OBJECT_CONVERSION = YES_AGGRESSIVE;
				CLANG_CXX_LANGUAGE_STANDARD = "gnu++20";
				CLANG_ENABLE_MODULES = YES;
				CLANG_ENABLE_OBJC_ARC = YES;
				CLANG_ENABLE_OBJC_WEAK = YES;
				CLANG_WARN_BLOCK_CAPTURE_AUTORELEASING = YES;
				CLANG_WARN_BOOL_CONVERSION = YES;
				CLANG_WARN_COMMA = YES;
				CLANG_WARN_CONSTANT_CONVERSION = YES;
				CLANG_WARN_DEPRECATED_OBJC_IMPLEMENTATIONS = YES;
				CLANG_WARN_DIRECT_OBJC_ISA_USAGE = YES_ERROR;
				CLANG_WARN_DOCUMENTATION_COMMENTS = YES;
				CLANG_WARN_EMPTY_BODY = YES;
				CLANG_WARN_ENUM_CONVERSION = YES;
				CLANG_WARN_INFINITE_RECURSION = YES;
				CLANG_WARN_INT_CONVERSION = YES;
				CLANG_WARN_NON_LITERAL_NULL_CONVERSION = YES;
				CLANG_WARN_OBJC_IMPLICIT_RETAIN_SELF = YES;
				CLANG_WARN_OBJC_LITERAL_CONVERSION = YES;
				CLANG_WARN_OBJC_ROOT_CLASS = YES_ERROR;
				CLANG_WARN_QUOTED_INCLUDE_IN_FRAMEWORK_HEADER = YES;
				CLANG_WARN_RANGE_LOOP_ANALYSIS = YES;
				CLANG_WARN_STRICT_PROTOTYPES = YES;
				CLANG_WARN_SUSPICIOUS_MOVE = YES;
				CLANG_WARN_UNGUARDED_AVAILABILITY = YES_AGGRESSIVE;
				CLANG_WARN_UNREACHABLE_CODE = YES;
				CLANG_WARN__DUPLICATE_METHOD_MATCH = YES;
				COPY_PHASE_STRIP = NO;
				DEBUG_INFORMATION_FORMAT = "dwarf-with-dsym";
				DEVELOPMENT_TEAM = "$(POCKET_STACK_DEVELOPMENT_TEAM)";
				ENABLE_NS_ASSERTIONS = NO;
				ENABLE_STRICT_OBJC_MSGSEND = YES;
				ENABLE_USER_SCRIPT_SANDBOXING = YES;
				GCC_C_LANGUAGE_STANDARD = gnu17;
				GCC_NO_COMMON_BLOCKS = YES;
				GCC_WARN_64_TO_32_BIT_CONVERSION = YES;
				GCC_WARN_ABOUT_RETURN_TYPE = YES_ERROR;
				GCC_WARN_UNDECLARED_SELECTOR = YES;
				GCC_WARN_UNINITIALIZED_AUTOS = YES_AGGRESSIVE;
				GCC_WARN_UNUSED_FUNCTION = YES;
				GCC_WARN_UNUSED_VARIABLE = YES;
				LOCALIZATION_PREFERS_STRING_CATALOGS = YES;
				MACOSX_DEPLOYMENT_TARGET = 26.0;
				MTL_ENABLE_DEBUG_INFO = NO;
				MTL_FAST_MATH = YES;
				SDKROOT = macosx;
				SWIFT_COMPILATION_MODE = wholemodule;
			};
			name = Release;
		};
		6C64B5203046758A003B51BA /* Debug */ = {
			isa = XCBuildConfiguration;
			buildSettings = {
				ASSETCATALOG_COMPILER_APPICON_NAME = AppIcon;
				ASSETCATALOG_COMPILER_GLOBAL_ACCENT_COLOR_NAME = AccentColor;
				CODE_SIGN_ENTITLEMENTS = "Pocket Stack/Pocket Stack.entitlements";
				CODE_SIGN_IDENTITY = "Apple Development";
				CODE_SIGN_STYLE = Automatic;
				COMBINE_HIDPI_IMAGES = YES;
				CURRENT_PROJECT_VERSION = 2;
				DEVELOPMENT_TEAM = "$(POCKET_STACK_DEVELOPMENT_TEAM)";
				ENABLE_APP_SANDBOX = YES;
				ENABLE_HARDENED_RUNTIME = YES;
				ENABLE_PREVIEWS = YES;
				ENABLE_USER_SELECTED_FILES = readwrite;
				GENERATE_INFOPLIST_FILE = YES;
				INFOPLIST_FILE = "Pocket-Stack-Info.plist";
				INFOPLIST_KEY_CFBundleDisplayName = "Pocket Note Stack";
				INFOPLIST_KEY_LSApplicationCategoryType = "public.app-category.utilities";
				INFOPLIST_KEY_LSUIElement = YES;
				INFOPLIST_KEY_NSHumanReadableCopyright = "";
				INFOPLIST_KEY_NSMicrophoneUsageDescription = "Pocket Stack uses the microphone only while you dictate into a note.";
				LD_RUNPATH_SEARCH_PATHS = (
					"$(inherited)",
					"@executable_path/../Frameworks",
				);
				MACOSX_DEPLOYMENT_TARGET = 14.6;
				MARKETING_VERSION = 1.0.0;
				PRODUCT_BUNDLE_IDENTIFIER = "com.ifateam.Pocket-Stack";
				PRODUCT_NAME = "$(TARGET_NAME)";
				PROVISIONING_PROFILE_SPECIFIER = "";
				REGISTER_APP_GROUPS = YES;
				STRING_CATALOG_GENERATE_SYMBOLS = YES;
				SWIFT_APPROACHABLE_CONCURRENCY = YES;
				SWIFT_EMIT_LOC_STRINGS = YES;
				SWIFT_UPCOMING_FEATURE_MEMBER_IMPORT_VISIBILITY = YES;
				SWIFT_VERSION = 5.0;
			};
			name = Debug;
		};
		6C64B5213046758A003B51BA /* Release */ = {
			isa = XCBuildConfiguration;
			buildSettings = {
				ASSETCATALOG_COMPILER_APPICON_NAME = AppIcon;
				ASSETCATALOG_COMPILER_GLOBAL_ACCENT_COLOR_NAME = AccentColor;
				CODE_SIGN_ENTITLEMENTS = "Pocket Stack/Pocket Stack.entitlements";
				CODE_SIGN_IDENTITY = "Apple Development";
				CODE_SIGN_STYLE = Automatic;
				COMBINE_HIDPI_IMAGES = YES;
				CURRENT_PROJECT_VERSION = 2;
				DEVELOPMENT_TEAM = "$(POCKET_STACK_DEVELOPMENT_TEAM)";
				ENABLE_APP_SANDBOX = YES;
				ENABLE_HARDENED_RUNTIME = YES;
				ENABLE_PREVIEWS = YES;
				ENABLE_USER_SELECTED_FILES = readwrite;
				GENERATE_INFOPLIST_FILE = YES;
				INFOPLIST_FILE = "Pocket-Stack-Info.plist";
				INFOPLIST_KEY_CFBundleDisplayName = "Pocket Note Stack";
				INFOPLIST_KEY_LSApplicationCategoryType = "public.app-category.utilities";
				INFOPLIST_KEY_LSUIElement = YES;
				INFOPLIST_KEY_NSHumanReadableCopyright = "";
				INFOPLIST_KEY_NSMicrophoneUsageDescription = "Pocket Stack uses the microphone only while you dictate into a note.";
				LD_RUNPATH_SEARCH_PATHS = (
					"$(inherited)",
					"@executable_path/../Frameworks",
				);
				MACOSX_DEPLOYMENT_TARGET = 14.6;
				MARKETING_VERSION = 1.0.0;
				PRODUCT_BUNDLE_IDENTIFIER = "com.ifateam.Pocket-Stack";
				PRODUCT_NAME = "$(TARGET_NAME)";
				PROVISIONING_PROFILE_SPECIFIER = "";
				REGISTER_APP_GROUPS = YES;
				STRING_CATALOG_GENERATE_SYMBOLS = YES;
				SWIFT_APPROACHABLE_CONCURRENCY = YES;
				SWIFT_EMIT_LOC_STRINGS = YES;
				SWIFT_UPCOMING_FEATURE_MEMBER_IMPORT_VISIBILITY = YES;
				SWIFT_VERSION = 5.0;
			};
			name = Release;
		};
		6C64B5233046758A003B51BA /* Debug */ = {
			isa = XCBuildConfiguration;
			buildSettings = {
				BUNDLE_LOADER = "$(TEST_HOST)";
				CODE_SIGN_STYLE = Automatic;
				CURRENT_PROJECT_VERSION = 1;
				DEVELOPMENT_TEAM = "$(POCKET_STACK_DEVELOPMENT_TEAM)";
				GENERATE_INFOPLIST_FILE = YES;
				MACOSX_DEPLOYMENT_TARGET = 26.0;
				MARKETING_VERSION = 1.0;
				PRODUCT_BUNDLE_IDENTIFIER = "com.ifateam.Pocket-StackTests";
				PRODUCT_NAME = "$(TARGET_NAME)";
				STRING_CATALOG_GENERATE_SYMBOLS = NO;
				SWIFT_APPROACHABLE_CONCURRENCY = YES;
				SWIFT_EMIT_LOC_STRINGS = NO;
				SWIFT_UPCOMING_FEATURE_MEMBER_IMPORT_VISIBILITY = YES;
				SWIFT_VERSION = 5.0;
				TEST_HOST = "$(BUILT_PRODUCTS_DIR)/Pocket Stack.app/$(BUNDLE_EXECUTABLE_FOLDER_PATH)/Pocket Stack";
			};
			name = Debug;
		};
		6C64B5243046758A003B51BA /* Release */ = {
			isa = XCBuildConfiguration;
			buildSettings = {
				BUNDLE_LOADER = "$(TEST_HOST)";
				CODE_SIGN_STYLE = Automatic;
				CURRENT_PROJECT_VERSION = 1;
				DEVELOPMENT_TEAM = "$(POCKET_STACK_DEVELOPMENT_TEAM)";
				GENERATE_INFOPLIST_FILE = YES;
				MACOSX_DEPLOYMENT_TARGET = 26.0;
				MARKETING_VERSION = 1.0;
				PRODUCT_BUNDLE_IDENTIFIER = "com.ifateam.Pocket-StackTests";
				PRODUCT_NAME = "$(TARGET_NAME)";
				STRING_CATALOG_GENERATE_SYMBOLS = NO;
				SWIFT_APPROACHABLE_CONCURRENCY = YES;
				SWIFT_EMIT_LOC_STRINGS = NO;
				SWIFT_UPCOMING_FEATURE_MEMBER_IMPORT_VISIBILITY = YES;
				SWIFT_VERSION = 5.0;
				TEST_HOST = "$(BUILT_PRODUCTS_DIR)/Pocket Stack.app/$(BUNDLE_EXECUTABLE_FOLDER_PATH)/Pocket Stack";
			};
			name = Release;
		};
		6C64B5263046758A003B51BA /* Debug */ = {
			isa = XCBuildConfiguration;
			buildSettings = {
				CODE_SIGN_STYLE = Automatic;
				CURRENT_PROJECT_VERSION = 1;
				DEVELOPMENT_TEAM = "$(POCKET_STACK_DEVELOPMENT_TEAM)";
				GENERATE_INFOPLIST_FILE = YES;
				MARKETING_VERSION = 1.0;
				PRODUCT_BUNDLE_IDENTIFIER = "com.ifateam.Pocket-StackUITests";
				PRODUCT_NAME = "$(TARGET_NAME)";
				STRING_CATALOG_GENERATE_SYMBOLS = NO;
				SWIFT_APPROACHABLE_CONCURRENCY = YES;
				SWIFT_EMIT_LOC_STRINGS = NO;
				SWIFT_UPCOMING_FEATURE_MEMBER_IMPORT_VISIBILITY = YES;
				SWIFT_VERSION = 5.0;
				TEST_TARGET_NAME = "Pocket Stack";
			};
			name = Debug;
		};
		6C64B5273046758A003B51BA /* Release */ = {
			isa = XCBuildConfiguration;
			buildSettings = {
				CODE_SIGN_STYLE = Automatic;
				CURRENT_PROJECT_VERSION = 1;
				DEVELOPMENT_TEAM = "$(POCKET_STACK_DEVELOPMENT_TEAM)";
				GENERATE_INFOPLIST_FILE = YES;
				MARKETING_VERSION = 1.0;
				PRODUCT_BUNDLE_IDENTIFIER = "com.ifateam.Pocket-StackUITests";
				PRODUCT_NAME = "$(TARGET_NAME)";
				STRING_CATALOG_GENERATE_SYMBOLS = NO;
				SWIFT_APPROACHABLE_CONCURRENCY = YES;
				SWIFT_EMIT_LOC_STRINGS = NO;
				SWIFT_UPCOMING_FEATURE_MEMBER_IMPORT_VISIBILITY = YES;
				SWIFT_VERSION = 5.0;
				TEST_TARGET_NAME = "Pocket Stack";
			};
			name = Release;
		};
/* End XCBuildConfiguration section */

/* Begin XCConfigurationList section */
		6C64B4F730467589003B51BA /* Build configuration list for PBXProject "Pocket Stack" */ = {
			isa = XCConfigurationList;
			buildConfigurations = (
				6C64B51D3046758A003B51BA /* Debug */,
				6C64B51E3046758A003B51BA /* Release */,
			);
			defaultConfigurationIsVisible = 0;
			defaultConfigurationName = Release;
		};
		6C64B51F3046758A003B51BA /* Build configuration list for PBXNativeTarget "Pocket Stack" */ = {
			isa = XCConfigurationList;
			buildConfigurations = (
				6C64B5203046758A003B51BA /* Debug */,
				6C64B5213046758A003B51BA /* Release */,
			);
			defaultConfigurationIsVisible = 0;
			defaultConfigurationName = Release;
		};
		6C64B5223046758A003B51BA /* Build configuration list for PBXNativeTarget "Pocket StackTests" */ = {
			isa = XCConfigurationList;
			buildConfigurations = (
				6C64B5233046758A003B51BA /* Debug */,
				6C64B5243046758A003B51BA /* Release */,
			);
			defaultConfigurationIsVisible = 0;
			defaultConfigurationName = Release;
		};
		6C64B5253046758A003B51BA /* Build configuration list for PBXNativeTarget "Pocket StackUITests" */ = {
			isa = XCConfigurationList;
			buildConfigurations = (
				6C64B5263046758A003B51BA /* Debug */,
				6C64B5273046758A003B51BA /* Release */,
			);
			defaultConfigurationIsVisible = 0;
			defaultConfigurationName = Release;
		};
/* End XCConfigurationList section */

/* Begin XCRemoteSwiftPackageReference section */
		6C64B52A3046758A003B51BA /* XCRemoteSwiftPackageReference "Sparkle" */ = {
			isa = XCRemoteSwiftPackageReference;
			repositoryURL = "https://github.com/sparkle-project/Sparkle";
			requirement = {
				kind = exactVersion;
				version = 2.9.6;
			};
		};
/* End XCRemoteSwiftPackageReference section */

/* Begin XCSwiftPackageProductDependency section */
		6C64B5293046758A003B51BA /* Sparkle */ = {
			isa = XCSwiftPackageProductDependency;
			package = 6C64B52A3046758A003B51BA /* XCRemoteSwiftPackageReference "Sparkle" */;
			productName = Sparkle;
		};
/* End XCSwiftPackageProductDependency section */
	};
	rootObject = 6C64B4F430467589003B51BA /* Project object */;
}
